
Microsoft Visual Studio Solution File, Format Version 12.00
# Visual Studio Version 17
VisualStudioVersion = 17.9.34723.18
MinimumVisualStudioVersion = 10.0.40219.1
Project("{FAE04EC0-301F-11D3-BF4B-00C04F79EFBC}") = "yemektarifi", "yemektarifi\yemektarifi.csproj", "{8ED9178D-47E1-4F77-9D28-468D025C8288}"
EndProject
Global
	GlobalSection(SolutionConfigurationPlatforms) = preSolution
		Debug|Any CPU = Debug|Any CPU
		Release|Any CPU = Release|Any CPU
	EndGlobalSection
	GlobalSection(ProjectConfigurationPlatforms) = postSolution
		{8ED9178D-47E1-4F77-9D28-468D025C8288}.Debug|Any CPU.ActiveCfg = Debug|Any CPU
		{8ED9178D-47E1-4F77-9D28-468D025C8288}.Debug|Any CPU.Build.0 = Debug|Any CPU
		{8ED9178D-47E1-4F77-9D28-468D025C8288}.Release|Any CPU.ActiveCfg = Release|Any CPU
		{8ED9178D-47E1-4F77-9D28-468D025C8288}.Release|Any CPU.Build.0 = Release|Any CPU
	EndGlobalSection
	GlobalSection(SolutionProperties) = preSolution
		HideSolutionNode = FALSE
	EndGlobalSection
	GlobalSection(ExtensibilityGlobals) = postSolution
		SolutionGuid = {4DDB5609-C0E8-4B0E-BA03-F66CE7724E26}
	EndGlobalSection
EndGlobal
